
Microsoft Visual Studio Solution File, Format Version 12.00
# Visual Studio Version 16
VisualStudioVersion = 16.0.32901.82
MinimumVisualStudioVersion = 10.0.40219.1
Project("{FAE04EC0-301F-11D3-BF4B-00C04F79EFBC}") = "CaesarEncryption", "CaesarEncryption\CaesarEncryption.csproj", "{6C0FA681-79AD-45AF-8586-569FFA768B88}"
EndProject
Global
	GlobalSection(SolutionConfigurationPlatforms) = preSolution
		Debug|Any CPU = Debug|Any CPU
		Release|Any CPU = Release|Any CPU
	EndGlobalSection
	GlobalSection(ProjectConfigurationPlatforms) = postSolution
		{6C0FA681-79AD-45AF-8586-569FFA768B88}.Debug|Any CPU.ActiveCfg = Debug|Any CPU
		{6C0FA681-79AD-45AF-8586-569FFA768B88}.Debug|Any CPU.Build.0 = Debug|Any CPU
		{6C0FA681-79AD-45AF-8586-569FFA768B88}.Release|Any CPU.ActiveCfg = Release|Any CPU
		{6C0FA681-79AD-45AF-8586-569FFA768B88}.Release|Any CPU.Build.0 = Release|Any CPU
	EndGlobalSection
	GlobalSection(SolutionProperties) = preSolution
		HideSolutionNode = FALSE
	EndGlobalSection
	GlobalSection(ExtensibilityGlobals) = postSolution
		SolutionGuid = {A81AA9CF-465E-407F-8933-BACBE48DB7CD}
	EndGlobalSection
EndGlobal
